
Microsoft Visual Studio Solution File, Format Version 12.00
# Visual Studio Version 17
VisualStudioVersion = 17.0.31903.59
MinimumVisualStudioVersion = 10.0.40219.1
Project("{FAE04EC0-301F-11D3-BF4B-00C04F79EFBC}") = "Chair.Api", "Chair.Api\Chair.Api.csproj", "{AE619BB8-FA28-46C4-89EF-5D692B7826C6}"
EndProject
Project("{FAE04EC0-301F-11D3-BF4B-00C04F79EFBC}") = "Chair.Domain", "Chair.Domain\Chair.Domain.csproj", "{6ED17C91-A9FE-4D12-B85B-6F56D1A47DBB}"
EndProject
Project("{FAE04EC0-301F-11D3-BF4B-00C04F79EFBC}") = "Chair.Infrastructure", "Chair.Infrastructure\Chair.Infrastructure.csproj", "{DABA9A53-002C-49BE-8664-7DC9C6931832}"
EndProject
Project("{FAE04EC0-301F-11D3-BF4B-00C04F79EFBC}") = "Chair.Tests", "Chair.Tests\Chair.Tests.csproj", "{A20D184A-1D99-4030-93F6-419A7553B6CD}"
EndProject
Project("{FAE04EC0-301F-11D3-BF4B-00C04F79EFBC}") = "Chair.NotificationsWorker", "Chair.NotificationsWorker\Chair.NotificationsWorker.csproj", "{BA3FFF2C-12FC-4F54-AF8E-556F33711B70}"
EndProject
Global
	GlobalSection(SolutionConfigurationPlatforms) = preSolution
		Debug|Any CPU = Debug|Any CPU
		Release|Any CPU = Release|Any CPU
	EndGlobalSection
	GlobalSection(SolutionProperties) = preSolution
		HideSolutionNode = FALSE
	EndGlobalSection
	GlobalSection(ProjectConfigurationPlatforms) = postSolution
		{AE619BB8-FA28-46C4-89EF-5D692B7826C6}.Debug|Any CPU.ActiveCfg = Debug|Any CPU
		{AE619BB8-FA28-46C4-89EF-5D692B7826C6}.Debug|Any CPU.Build.0 = Debug|Any CPU
		{AE619BB8-FA28-46C4-89EF-5D692B7826C6}.Release|Any CPU.ActiveCfg = Release|Any CPU
		{AE619BB8-FA28-46C4-89EF-5D692B7826C6}.Release|Any CPU.Build.0 = Release|Any CPU
		{6ED17C91-A9FE-4D12-B85B-6F56D1A47DBB}.Debug|Any CPU.ActiveCfg = Debug|Any CPU
		{6ED17C91-A9FE-4D12-B85B-6F56D1A47DBB}.Debug|Any CPU.Build.0 = Debug|Any CPU
		{6ED17C91-A9FE-4D12-B85B-6F56D1A47DBB}.Release|Any CPU.ActiveCfg = Release|Any CPU
		{6ED17C91-A9FE-4D12-B85B-6F56D1A47DBB}.Release|Any CPU.Build.0 = Release|Any CPU
		{DABA9A53-002C-49BE-8664-7DC9C6931832}.Debug|Any CPU.ActiveCfg = Debug|Any CPU
		{DABA9A53-002C-49BE-8664-7DC9C6931832}.Debug|Any CPU.Build.0 = Debug|Any CPU
		{DABA9A53-002C-49BE-8664-7DC9C6931832}.Release|Any CPU.ActiveCfg = Release|Any CPU
		{DABA9A53-002C-49BE-8664-7DC9C6931832}.Release|Any CPU.Build.0 = Release|Any CPU
		{A20D184A-1D99-4030-93F6-419A7553B6CD}.Debug|Any CPU.ActiveCfg = Debug|Any CPU
		{A20D184A-1D99-4030-93F6-419A7553B6CD}.Debug|Any CPU.Build.0 = Debug|Any CPU
		{A20D184A-1D99-4030-93F6-419A7553B6CD}.Release|Any CPU.ActiveCfg = Release|Any CPU
		{A20D184A-1D99-4030-93F6-419A7553B6CD}.Release|Any CPU.Build.0 = Release|Any CPU
		{BA3FFF2C-12FC-4F54-AF8E-556F33711B70}.Debug|Any CPU.ActiveCfg = Debug|Any CPU
		{BA3FFF2C-12FC-4F54-AF8E-556F33711B70}.Debug|Any CPU.Build.0 = Debug|Any CPU
		{BA3FFF2C-12FC-4F54-AF8E-556F33711B70}.Release|Any CPU.ActiveCfg = Release|Any CPU
		{BA3FFF2C-12FC-4F54-AF8E-556F33711B70}.Release|Any CPU.Build.0 = Release|Any CPU
	EndGlobalSection
EndGlobal
